
Microsoft Visual Studio Solution File, Format Version 12.00
# Visual Studio Version 17
VisualStudioVersion = 17.11.35327.3
MinimumVisualStudioVersion = 10.0.40219.1
Project("{FAE04EC0-301F-11D3-BF4B-00C04F79EFBC}") = "New Mars Tech", "New Mars Tech\New Mars Tech.csproj", "{FEB5A5BB-2B76-441B-9725-66FF397BE037}"
EndProject
Global
	GlobalSection(SolutionConfigurationPlatforms) = preSolution
		Debug|Any CPU = Debug|Any CPU
		Release|Any CPU = Release|Any CPU
	EndGlobalSection
	GlobalSection(ProjectConfigurationPlatforms) = postSolution
		{FEB5A5BB-2B76-441B-9725-66FF397BE037}.Debug|Any CPU.ActiveCfg = Debug|Any CPU
		{FEB5A5BB-2B76-441B-9725-66FF397BE037}.Debug|Any CPU.Build.0 = Debug|Any CPU
		{FEB5A5BB-2B76-441B-9725-66FF397BE037}.Release|Any CPU.ActiveCfg = Release|Any CPU
		{FEB5A5BB-2B76-441B-9725-66FF397BE037}.Release|Any CPU.Build.0 = Release|Any CPU
	EndGlobalSection
	GlobalSection(SolutionProperties) = preSolution
		HideSolutionNode = FALSE
	EndGlobalSection
	GlobalSection(ExtensibilityGlobals) = postSolution
		SolutionGuid = {B6FE50AB-C805-452A-88FC-19700A1BA285}
	EndGlobalSection
EndGlobal
